
Microsoft Visual Studio Solution File, Format Version 12.00
# Visual Studio Version 17
VisualStudioVersion = 17.5.002.0
MinimumVisualStudioVersion = 10.0.40219.1
Project("{9A19103F-16F7-4668-BE54-9A1E7A4F7556}") = "ContosoPizza", "ContosoPizza.csproj", "{BD7C2858-0923-4DA3-AB62-120251B9CEFB}"
EndProject
Global
	GlobalSection(SolutionConfigurationPlatforms) = preSolution
		Debug|Any CPU = Debug|Any CPU
		Release|Any CPU = Release|Any CPU
	EndGlobalSection
	GlobalSection(ProjectConfigurationPlatforms) = postSolution
		{BD7C2858-0923-4DA3-AB62-120251B9CEFB}.Debug|Any CPU.ActiveCfg = Debug|Any CPU
		{BD7C2858-0923-4DA3-AB62-120251B9CEFB}.Debug|Any CPU.Build.0 = Debug|Any CPU
		{BD7C2858-0923-4DA3-AB62-120251B9CEFB}.Release|Any CPU.ActiveCfg = Release|Any CPU
		{BD7C2858-0923-4DA3-AB62-120251B9CEFB}.Release|Any CPU.Build.0 = Release|Any CPU
	EndGlobalSection
	GlobalSection(SolutionProperties) = preSolution
		HideSolutionNode = FALSE
	EndGlobalSection
	GlobalSection(ExtensibilityGlobals) = postSolution
		SolutionGuid = {D51BB5CA-E8FC-4E5A-AEA7-B90C664366CF}
	EndGlobalSection
EndGlobal
